// !$*UTF8*$!
{
	archiveVersion = 1;
	classes = {
	};
	objectVersion = 50;
	objects = {

/* Begin PBXBuildFile section */
		6820577D4DF01A604A7DE3D5 /* Pods_Onboarding.framework in Frameworks */ = {isa = PBXBuildFile; fileRef = 7D66D12D36DA4C249E04EDEC /* Pods_Onboarding.framework */; };
		E924640524F5F5E2006EED45 /* GoogleService-Info.plist in Resources */ = {isa = PBXBuildFile; fileRef = E924640424F5F5E1006EED45 /* GoogleService-Info.plist */; };
		E926AC2C24F0BC5F00DE594C /* AppDelegate.swift in Sources */ = {isa = PBXBuildFile; fileRef = E926AC2B24F0BC5F00DE594C /* AppDelegate.swift */; };
		E926AC2E24F0BC5F00DE594C /* SceneDelegate.swift in Sources */ = {isa = PBXBuildFile; fileRef = E926AC2D24F0BC5F00DE594C /* SceneDelegate.swift */; };
		E926AC3024F0BC5F00DE594C /* ViewController.swift in Sources */ = {isa = PBXBuildFile; fileRef = E926AC2F24F0BC5F00DE594C /* ViewController.swift */; };
		E926AC3524F0BC6100DE594C /* Assets.xcassets in Resources */ = {isa = PBXBuildFile; fileRef = E926AC3424F0BC6100DE594C /* Assets.xcassets */; };
		E926AC3824F0BC6100DE594C /* LaunchScreen.storyboard in Resources */ = {isa = PBXBuildFile; fileRef = E926AC3624F0BC6100DE594C /* LaunchScreen.storyboard */; };
		E926AC4724F0BCE900DE594C /* LoginViewController.swift in Sources */ = {isa = PBXBuildFile; fileRef = E926AC4624F0BCE900DE594C /* LoginViewController.swift */; };
		E926AC4924F0BF2400DE594C /* Extensions.swift in Sources */ = {isa = PBXBuildFile; fileRef = E926AC4824F0BF2400DE594C /* Extensions.swift */; };
		E926AC4B24F0C84600DE594C /* CustomTextField.swift in Sources */ = {isa = PBXBuildFile; fileRef = E926AC4A24F0C84600DE594C /* CustomTextField.swift */; };
		E926AC4D24F0C98800DE594C /* AuthButton.swift in Sources */ = {isa = PBXBuildFile; fileRef = E926AC4C24F0C98800DE594C /* AuthButton.swift */; };
		E926AC4F24F0D0AF00DE594C /* DividerView.swift in Sources */ = {isa = PBXBuildFile; fileRef = E926AC4E24F0D0AF00DE594C /* DividerView.swift */; };
		E926AC5124F0E05500DE594C /* RegistrationViewController.swift in Sources */ = {isa = PBXBuildFile; fileRef = E926AC5024F0E05500DE594C /* RegistrationViewController.swift */; };
		E926AC5324F4130600DE594C /* ResetPasswordViewController.swift in Sources */ = {isa = PBXBuildFile; fileRef = E926AC5224F4130600DE594C /* ResetPasswordViewController.swift */; };
		E926AC5524F41AB100DE594C /* AuthenticationViewModel.swift in Sources */ = {isa = PBXBuildFile; fileRef = E926AC5424F41AB100DE594C /* AuthenticationViewModel.swift */; };
/* End PBXBuildFile section */

/* Begin PBXFileReference section */
		057265B7EDA0F28D9C74C771 /* Pods-Onboarding.debug.xcconfig */ = {isa = PBXFileReference; includeInIndex = 1; lastKnownFileType = text.xcconfig; name = "Pods-Onboarding.debug.xcconfig"; path = "Target Support Files/Pods-Onboarding/Pods-Onboarding.debug.xcconfig"; sourceTree = "<group>"; };
		7D66D12D36DA4C249E04EDEC /* Pods_Onboarding.framework */ = {isa = PBXFileReference; explicitFileType = wrapper.framework; includeInIndex = 0; path = Pods_Onboarding.framework; sourceTree = BUILT_PRODUCTS_DIR; };
		E219641F1592164F4CA84627 /* Pods-Onboarding.release.xcconfig */ = {isa = PBXFileReference; includeInIndex = 1; lastKnownFileType = text.xcconfig; name = "Pods-Onboarding.release.xcconfig"; path = "Target Support Files/Pods-Onboarding/Pods-Onboarding.release.xcconfig"; sourceTree = "<group>"; };
		E924640424F5F5E1006EED45 /* GoogleService-Info.plist */ = {isa = PBXFileReference; fileEncoding = 4; lastKnownFileType = text.plist.xml; path = "GoogleService-Info.plist"; sourceTree = "<group>"; };
		E926AC2824F0BC5F00DE594C /* Onboarding.app */ = {isa = PBXFileReference; explicitFileType = wrapper.application; includeInIndex = 0; path = Onboarding.app; sourceTree = BUILT_PRODUCTS_DIR; };
		E926AC2B24F0BC5F00DE594C /* AppDelegate.swift */ = {isa = PBXFileReference; lastKnownFileType = sourcecode.swift; path = AppDelegate.swift; sourceTree = "<group>"; };
		E926AC2D24F0BC5F00DE594C /* SceneDelegate.swift */ = {isa = PBXFileReference; lastKnownFileType = sourcecode.swift; path = SceneDelegate.swift; sourceTree = "<group>"; };
		E926AC2F24F0BC5F00DE594C /* ViewController.swift */ = {isa = PBXFileReference; lastKnownFileType = sourcecode.swift; path = ViewController.swift; sourceTree = "<group>"; };
		E926AC3424F0BC6100DE594C /* Assets.xcassets */ = {isa = PBXFileReference; lastKnownFileType = folder.assetcatalog; path = Assets.xcassets; sourceTree = "<group>"; };
		E926AC3724F0BC6100DE594C /* Base */ = {isa = PBXFileReference; lastKnownFileType = file.storyboard; name = Base; path = Base.lproj/LaunchScreen.storyboard; sourceTree = "<group>"; };
		E926AC3924F0BC6100DE594C /* Info.plist */ = {isa = PBXFileReference; lastKnownFileType = text.plist.xml; path = Info.plist; sourceTree = "<group>"; };
		E926AC4624F0BCE900DE594C /* LoginViewController.swift */ = {isa = PBXFileReference; lastKnownFileType = sourcecode.swift; path = LoginViewController.swift; sourceTree = "<group>"; };
		E926AC4824F0BF2400DE594C /* Extensions.swift */ = {isa = PBXFileReference; lastKnownFileType = sourcecode.swift; path = Extensions.swift; sourceTree = "<group>"; };
		E926AC4A24F0C84600DE594C /* CustomTextField.swift */ = {isa = PBXFileReference; lastKnownFileType = sourcecode.swift; path = CustomTextField.swift; sourceTree = "<group>"; };
		E926AC4C24F0C98800DE594C /* AuthButton.swift */ = {isa = PBXFileReference; lastKnownFileType = sourcecode.swift; path = AuthButton.swift; sourceTree = "<group>"; };
		E926AC4E24F0D0AF00DE594C /* DividerView.swift */ = {isa = PBXFileReference; lastKnownFileType = sourcecode.swift; path = DividerView.swift; sourceTree = "<group>"; };
		E926AC5024F0E05500DE594C /* RegistrationViewController.swift */ = {isa = PBXFileReference; lastKnownFileType = sourcecode.swift; path = RegistrationViewController.swift; sourceTree = "<group>"; };
		E926AC5224F4130600DE594C /* ResetPasswordViewController.swift */ = {isa = PBXFileReference; lastKnownFileType = sourcecode.swift; path = ResetPasswordViewController.swift; sourceTree = "<group>"; };
		E926AC5424F41AB100DE594C /* AuthenticationViewModel.swift */ = {isa = PBXFileReference; lastKnownFileType = sourcecode.swift; path = AuthenticationViewModel.swift; sourceTree = "<group>"; };
/* End PBXFileReference section */

/* Begin PBXFrameworksBuildPhase section */
		E926AC2524F0BC5F00DE594C /* Frameworks */ = {
			isa = PBXFrameworksBuildPhase;
			buildActionMask = 2147483647;
			files = (
				6820577D4DF01A604A7DE3D5 /* Pods_Onboarding.framework in Frameworks */,
			);
			runOnlyForDeploymentPostprocessing = 0;
		};
/* End PBXFrameworksBuildPhase section */

/* Begin PBXGroup section */
		495CF048DDEE5E8BA6C2E6B1 /* Frameworks */ = {
			isa = PBXGroup;
			children = (
				7D66D12D36DA4C249E04EDEC /* Pods_Onboarding.framework */,
			);
			name = Frameworks;
			sourceTree = "<group>";
		};
		B9ECE312F994C26EACE004A3 /* Pods */ = {
			isa = PBXGroup;
			children = (
				057265B7EDA0F28D9C74C771 /* Pods-Onboarding.debug.xcconfig */,
				E219641F1592164F4CA84627 /* Pods-Onboarding.release.xcconfig */,
			);
			name = Pods;
			path = Pods;
			sourceTree = "<group>";
		};
		E926AC1F24F0BC5F00DE594C = {
			isa = PBXGroup;
			children = (
				E926AC2A24F0BC5F00DE594C /* Onboarding */,
				E926AC2924F0BC5F00DE594C /* Products */,
				B9ECE312F994C26EACE004A3 /* Pods */,
				495CF048DDEE5E8BA6C2E6B1 /* Frameworks */,
			);
			sourceTree = "<group>";
		};
		E926AC2924F0BC5F00DE594C /* Products */ = {
			isa = PBXGroup;
			children = (
				E926AC2824F0BC5F00DE594C /* Onboarding.app */,
			);
			name = Products;
			sourceTree = "<group>";
		};
		E926AC2A24F0BC5F00DE594C /* Onboarding */ = {
			isa = PBXGroup;
			children = (
				E926AC4524F0BCD400DE594C /* Utils */,
				E926AC4424F0BCB600DE594C /* Model */,
				E926AC4324F0BCB400DE594C /* View */,
				E926AC4224F0BCB200DE594C /* ViewModel */,
				E926AC4124F0BCB000DE594C /* Controller */,
				E926AC3F24F0BCAB00DE594C /* API */,
				E926AC2B24F0BC5F00DE594C /* AppDelegate.swift */,
				E926AC2D24F0BC5F00DE594C /* SceneDelegate.swift */,
				E926AC2F24F0BC5F00DE594C /* ViewController.swift */,
				E926AC3424F0BC6100DE594C /* Assets.xcassets */,
				E926AC3624F0BC6100DE594C /* LaunchScreen.storyboard */,
				E926AC3924F0BC6100DE594C /* Info.plist */,
				E924640424F5F5E1006EED45 /* GoogleService-Info.plist */,
			);
			path = Onboarding;
			sourceTree = "<group>";
		};
		E926AC3F24F0BCAB00DE594C /* API */ = {
			isa = PBXGroup;
			children = (
			);
			path = API;
			sourceTree = "<group>";
		};
		E926AC4124F0BCB000DE594C /* Controller */ = {
			isa = PBXGroup;
			children = (
				E926AC4624F0BCE900DE594C /* LoginViewController.swift */,
				E926AC5024F0E05500DE594C /* RegistrationViewController.swift */,
				E926AC5224F4130600DE594C /* ResetPasswordViewController.swift */,
			);
			path = Controller;
			sourceTree = "<group>";
		};
		E926AC4224F0BCB200DE594C /* ViewModel */ = {
			isa = PBXGroup;
			children = (
				E926AC5424F41AB100DE594C /* AuthenticationViewModel.swift */,
			);
			path = ViewModel;
			sourceTree = "<group>";
		};
		E926AC4324F0BCB400DE594C /* View */ = {
			isa = PBXGroup;
			children = (
				E926AC4A24F0C84600DE594C /* CustomTextField.swift */,
				E926AC4C24F0C98800DE594C /* AuthButton.swift */,
				E926AC4E24F0D0AF00DE594C /* DividerView.swift */,
			);
			path = View;
			sourceTree = "<group>";
		};
		E926AC4424F0BCB600DE594C /* Model */ = {
			isa = PBXGroup;
			children = (
			);
			path = Model;
			sourceTree = "<group>";
		};
		E926AC4524F0BCD400DE594C /* Utils */ = {
			isa = PBXGroup;
			children = (
				E926AC4824F0BF2400DE594C /* Extensions.swift */,
			);
			path = Utils;
			sourceTree = "<group>";
		};
/* End PBXGroup section */

/* Begin PBXNativeTarget section */
		E926AC2724F0BC5F00DE594C /* Onboarding */ = {
			isa = PBXNativeTarget;
			buildConfigurationList = E926AC3C24F0BC6100DE594C /* Build configuration list for PBXNativeTarget "Onboarding" */;
			buildPhases = (
				C3F82468BBBD49198F4E7573 /* [CP] Check Pods Manifest.lock */,
				E926AC2424F0BC5F00DE594C /* Sources */,
				E926AC2524F0BC5F00DE594C /* Frameworks */,
				E926AC2624F0BC5F00DE594C /* Resources */,
				E387829EFB9ECEEDB448ABF3 /* [CP] Embed Pods Frameworks */,
				16944D2D5B4FAB4D13E01686 /* [CP] Copy Pods Resources */,
			);
			buildRules = (
			);
			dependencies = (
			);
			name = Onboarding;
			productName = Onboarding;
			productReference = E926AC2824F0BC5F00DE594C /* Onboarding.app */;
			productType = "com.apple.product-type.application";
		};
/* End PBXNativeTarget section */

/* Begin PBXProject section */
		E926AC2024F0BC5F00DE594C /* Project object */ = {
			isa = PBXProject;
			attributes = {
				LastSwiftUpdateCheck = 1160;
				LastUpgradeCheck = 1160;
				ORGANIZATIONNAME = "Diego Benites Lopes";
				TargetAttributes = {
					E926AC2724F0BC5F00DE594C = {
						CreatedOnToolsVersion = 11.6;
					};
				};
			};
			buildConfigurationList = E926AC2324F0BC5F00DE594C /* Build configuration list for PBXProject "Onboarding" */;
			compatibilityVersion = "Xcode 9.3";
			developmentRegion = en;
			hasScannedForEncodings = 0;
			knownRegions = (
				en,
				Base,
			);
			mainGroup = E926AC1F24F0BC5F00DE594C;
			productRefGroup = E926AC2924F0BC5F00DE594C /* Products */;
			projectDirPath = "";
			projectRoot = "";
			targets = (
				E926AC2724F0BC5F00DE594C /* Onboarding */,
			);
		};
/* End PBXProject section */

/* Begin PBXResourcesBuildPhase section */
		E926AC2624F0BC5F00DE594C /* Resources */ = {
			isa = PBXResourcesBuildPhase;
			buildActionMask = 2147483647;
			files = (
				E926AC3824F0BC6100DE594C /* LaunchScreen.storyboard in Resources */,
				E926AC3524F0BC6100DE594C /* Assets.xcassets in Resources */,
				E924640524F5F5E2006EED45 /* GoogleService-Info.plist in Resources */,
			);
			runOnlyForDeploymentPostprocessing = 0;
		};
/* End PBXResourcesBuildPhase section */

/* Begin PBXShellScriptBuildPhase section */
		16944D2D5B4FAB4D13E01686 /* [CP] Copy Pods Resources */ = {
			isa = PBXShellScriptBuildPhase;
			buildActionMask = 2147483647;
			files = (
			);
			inputFileListPaths = (
				"${PODS_ROOT}/Target Support Files/Pods-Onboarding/Pods-Onboarding-resources-${CONFIGURATION}-input-files.xcfilelist",
			);
			name = "[CP] Copy Pods Resources";
			outputFileListPaths = (
				"${PODS_ROOT}/Target Support Files/Pods-Onboarding/Pods-Onboarding-resources-${CONFIGURATION}-output-files.xcfilelist",
			);
			runOnlyForDeploymentPostprocessing = 0;
			shellPath = /bin/sh;
			shellScript = "\"${PODS_ROOT}/Target Support Files/Pods-Onboarding/Pods-Onboarding-resources.sh\"\n";
			showEnvVarsInLog = 0;
		};
		C3F82468BBBD49198F4E7573 /* [CP] Check Pods Manifest.lock */ = {
			isa = PBXShellScriptBuildPhase;
			buildActionMask = 2147483647;
			files = (
			);
			inputFileListPaths = (
			);
			inputPaths = (
				"${PODS_PODFILE_DIR_PATH}/Podfile.lock",
				"${PODS_ROOT}/Manifest.lock",
			);
			name = "[CP] Check Pods Manifest.lock";
			outputFileListPaths = (
			);
			outputPaths = (
				"$(DERIVED_FILE_DIR)/Pods-Onboarding-checkManifestLockResult.txt",
			);
			runOnlyForDeploymentPostprocessing = 0;
			shellPath = /bin/sh;
			shellScript = "diff \"${PODS_PODFILE_DIR_PATH}/Podfile.lock\" \"${PODS_ROOT}/Manifest.lock\" > /dev/null\nif [ $? != 0 ] ; then\n    # print error to STDERR\n    echo \"error: The sandbox is not in sync with the Podfile.lock. Run 'pod install' or update your CocoaPods installation.\" >&2\n    exit 1\nfi\n# This output is used by Xcode 'outputs' to avoid re-running this script phase.\necho \"SUCCESS\" > \"${SCRIPT_OUTPUT_FILE_0}\"\n";
			showEnvVarsInLog = 0;
		};
		E387829EFB9ECEEDB448ABF3 /* [CP] Embed Pods Frameworks */ = {
			isa = PBXShellScriptBuildPhase;
			buildActionMask = 2147483647;
			files = (
			);
			inputFileListPaths = (
				"${PODS_ROOT}/Target Support Files/Pods-Onboarding/Pods-Onboarding-frameworks-${CONFIGURATION}-input-files.xcfilelist",
			);
			name = "[CP] Embed Pods Frameworks";
			outputFileListPaths = (
				"${PODS_ROOT}/Target Support Files/Pods-Onboarding/Pods-Onboarding-frameworks-${CONFIGURATION}-output-files.xcfilelist",
			);
			runOnlyForDeploymentPostprocessing = 0;
			shellPath = /bin/sh;
			shellScript = "\"${PODS_ROOT}/Target Support Files/Pods-Onboarding/Pods-Onboarding-frameworks.sh\"\n";
			showEnvVarsInLog = 0;
		};
/* End PBXShellScriptBuildPhase section */

/* Begin PBXSourcesBuildPhase section */
		E926AC2424F0BC5F00DE594C /* Sources */ = {
			isa = PBXSourcesBuildPhase;
			buildActionMask = 2147483647;
			files = (
				E926AC4924F0BF2400DE594C /* Extensions.swift in Sources */,
				E926AC4D24F0C98800DE594C /* AuthButton.swift in Sources */,
				E926AC4724F0BCE900DE594C /* LoginViewController.swift in Sources */,
				E926AC5124F0E05500DE594C /* RegistrationViewController.swift in Sources */,
				E926AC5524F41AB100DE594C /* AuthenticationViewModel.swift in Sources */,
				E926AC4B24F0C84600DE594C /* CustomTextField.swift in Sources */,
				E926AC3024F0BC5F00DE594C /* ViewController.swift in Sources */,
				E926AC2C24F0BC5F00DE594C /* AppDelegate.swift in Sources */,
				E926AC5324F4130600DE594C /* ResetPasswordViewController.swift in Sources */,
				E926AC4F24F0D0AF00DE594C /* DividerView.swift in Sources */,
				E926AC2E24F0BC5F00DE594C /* SceneDelegate.swift in Sources */,
			);
			runOnlyForDeploymentPostprocessing = 0;
		};
/* End PBXSourcesBuildPhase section */

/* Begin PBXVariantGroup section */
		E926AC3624F0BC6100DE594C /* LaunchScreen.storyboard */ = {
			isa = PBXVariantGroup;
			children = (
				E926AC3724F0BC6100DE594C /* Base */,
			);
			name = LaunchScreen.storyboard;
			sourceTree = "<group>";
		};
/* End PBXVariantGroup section */

/* Begin XCBuildConfiguration section */
		E926AC3A24F0BC6100DE594C /* Debug */ = {
			isa = XCBuildConfiguration;
			buildSettings = {
				ALWAYS_SEARCH_USER_PATHS = NO;
				CLANG_ANALYZER_NONNULL = YES;
				CLANG_ANALYZER_NUMBER_OBJECT_CONVERSION = YES_AGGRESSIVE;
				CLANG_CXX_LANGUAGE_STANDARD = "gnu++14";
				CLANG_CXX_LIBRARY = "libc++";
				CLANG_ENABLE_MODULES = YES;
				CLANG_ENABLE_OBJC_ARC = YES;
				CLANG_ENABLE_OBJC_WEAK = YES;
				CLANG_WARN_BLOCK_CAPTURE_AUTORELEASING = YES;
				CLANG_WARN_BOOL_CONVERSION = YES;
				CLANG_WARN_COMMA = YES;
				CLANG_WARN_CONSTANT_CONVERSION = YES;
				CLANG_WARN_DEPRECATED_OBJC_IMPLEMENTATIONS = YES;
				CLANG_WARN_DIRECT_OBJC_ISA_USAGE = YES_ERROR;
				CLANG_WARN_DOCUMENTATION_COMMENTS = YES;
				CLANG_WARN_EMPTY_BODY = YES;
				CLANG_WARN_ENUM_CONVERSION = YES;
				CLANG_WARN_INFINITE_RECURSION = YES;
				CLANG_WARN_INT_CONVERSION = YES;
				CLANG_WARN_NON_LITERAL_NULL_CONVERSION = YES;
				CLANG_WARN_OBJC_IMPLICIT_RETAIN_SELF = YES;
				CLANG_WARN_OBJC_LITERAL_CONVERSION = YES;
				CLANG_WARN_OBJC_ROOT_CLASS = YES_ERROR;
				CLANG_WARN_RANGE_LOOP_ANALYSIS = YES;
				CLANG_WARN_STRICT_PROTOTYPES = YES;
				CLANG_WARN_SUSPICIOUS_MOVE = YES;
				CLANG_WARN_UNGUARDED_AVAILABILITY = YES_AGGRESSIVE;
				CLANG_WARN_UNREACHABLE_CODE = YES;
				CLANG_WARN__DUPLICATE_METHOD_MATCH = YES;
				COPY_PHASE_STRIP = NO;
				DEBUG_INFORMATION_FORMAT = dwarf;
				ENABLE_STRICT_OBJC_MSGSEND = YES;
				ENABLE_TESTABILITY = YES;
				GCC_C_LANGUAGE_STANDARD = gnu11;
				GCC_DYNAMIC_NO_PIC = NO;
				GCC_NO_COMMON_BLOCKS = YES;
				GCC_OPTIMIZATION_LEVEL = 0;
				GCC_PREPROCESSOR_DEFINITIONS = (
					"DEBUG=1",
					"$(inherited)",
				);
				GCC_WARN_64_TO_32_BIT_CONVERSION = YES;
				GCC_WARN_ABOUT_RETURN_TYPE = YES_ERROR;
				GCC_WARN_UNDECLARED_SELECTOR = YES;
				GCC_WARN_UNINITIALIZED_AUTOS = YES_AGGRESSIVE;
				GCC_WARN_UNUSED_FUNCTION = YES;
				GCC_WARN_UNUSED_VARIABLE = YES;
				IPHONEOS_DEPLOYMENT_TARGET = 13.6;
				MTL_ENABLE_DEBUG_INFO = INCLUDE_SOURCE;
				MTL_FAST_MATH = YES;
				ONLY_ACTIVE_ARCH = YES;
				SDKROOT = iphoneos;
				SWIFT_ACTIVE_COMPILATION_CONDITIONS = DEBUG;
				SWIFT_OPTIMIZATION_LEVEL = "-Onone";
			};
			name = Debug;
		};
		E926AC3B24F0BC6100DE594C /* Release */ = {
			isa = XCBuildConfiguration;
			buildSettings = {
				ALWAYS_SEARCH_USER_PATHS = NO;
				CLANG_ANALYZER_NONNULL = YES;
				CLANG_ANALYZER_NUMBER_OBJECT_CONVERSION = YES_AGGRESSIVE;
				CLANG_CXX_LANGUAGE_STANDARD = "gnu++14";
				CLANG_CXX_LIBRARY = "libc++";
				CLANG_ENABLE_MODULES = YES;
				CLANG_ENABLE_OBJC_ARC = YES;
				CLANG_ENABLE_OBJC_WEAK = YES;
				CLANG_WARN_BLOCK_CAPTURE_AUTORELEASING = YES;
				CLANG_WARN_BOOL_CONVERSION = YES;
				CLANG_WARN_COMMA = YES;
				CLANG_WARN_CONSTANT_CONVERSION = YES;
				CLANG_WARN_DEPRECATED_OBJC_IMPLEMENTATIONS = YES;
				CLANG_WARN_DIRECT_OBJC_ISA_USAGE = YES_ERROR;
				CLANG_WARN_DOCUMENTATION_COMMENTS = YES;
				CLANG_WARN_EMPTY_BODY = YES;
				CLANG_WARN_ENUM_CONVERSION = YES;
				CLANG_WARN_INFINITE_RECURSION = YES;
				CLANG_WARN_INT_CONVERSION = YES;
				CLANG_WARN_NON_LITERAL_NULL_CONVERSION = YES;
				CLANG_WARN_OBJC_IMPLICIT_RETAIN_SELF = YES;
				CLANG_WARN_OBJC_LITERAL_CONVERSION = YES;
				CLANG_WARN_OBJC_ROOT_CLASS = YES_ERROR;
				CLANG_WARN_RANGE_LOOP_ANALYSIS = YES;
				CLANG_WARN_STRICT_PROTOTYPES = YES;
				CLANG_WARN_SUSPICIOUS_MOVE = YES;
				CLANG_WARN_UNGUARDED_AVAILABILITY = YES_AGGRESSIVE;
				CLANG_WARN_UNREACHABLE_CODE = YES;
				CLANG_WARN__DUPLICATE_METHOD_MATCH = YES;
				COPY_PHASE_STRIP = NO;
				DEBUG_INFORMATION_FORMAT = "dwarf-with-dsym";
				ENABLE_NS_ASSERTIONS = NO;
				ENABLE_STRICT_OBJC_MSGSEND = YES;
				GCC_C_LANGUAGE_STANDARD = gnu11;
				GCC_NO_COMMON_BLOCKS = YES;
				GCC_WARN_64_TO_32_BIT_CONVERSION = YES;
				GCC_WARN_ABOUT_RETURN_TYPE = YES_ERROR;
				GCC_WARN_UNDECLARED_SELECTOR = YES;
				GCC_WARN_UNINITIALIZED_AUTOS = YES_AGGRESSIVE;
				GCC_WARN_UNUSED_FUNCTION = YES;
				GCC_WARN_UNUSED_VARIABLE = YES;
				IPHONEOS_DEPLOYMENT_TARGET = 13.6;
				MTL_ENABLE_DEBUG_INFO = NO;
				MTL_FAST_MATH = YES;
				SDKROOT = iphoneos;
				SWIFT_COMPILATION_MODE = wholemodule;
				SWIFT_OPTIMIZATION_LEVEL = "-O";
				VALIDATE_PRODUCT = YES;
			};
			name = Release;
		};
		E926AC3D24F0BC6100DE594C /* Debug */ = {
			isa = XCBuildConfiguration;
			baseConfigurationReference = 057265B7EDA0F28D9C74C771 /* Pods-Onboarding.debug.xcconfig */;
			buildSettings = {
				ASSETCATALOG_COMPILER_APPICON_NAME = AppIcon;
				CODE_SIGN_STYLE = Automatic;
				DEVELOPMENT_TEAM = 42L62SALH9;
				INFOPLIST_FILE = Onboarding/Info.plist;
				LD_RUNPATH_SEARCH_PATHS = (
					"$(inherited)",
					"@executable_path/Frameworks",
				);
				PRODUCT_BUNDLE_IDENTIFIER = com.dbeniteslopes.Onboarding;
				PRODUCT_NAME = "$(TARGET_NAME)";
				SWIFT_VERSION = 5.0;
				TARGETED_DEVICE_FAMILY = "1,2";
			};
			name = Debug;
		};
		E926AC3E24F0BC6100DE594C /* Release */ = {
			isa = XCBuildConfiguration;
			baseConfigurationReference = E219641F1592164F4CA84627 /* Pods-Onboarding.release.xcconfig */;
			buildSettings = {
				ASSETCATALOG_COMPILER_APPICON_NAME = AppIcon;
				CODE_SIGN_STYLE = Automatic;
				DEVELOPMENT_TEAM = 42L62SALH9;
				INFOPLIST_FILE = Onboarding/Info.plist;
				LD_RUNPATH_SEARCH_PATHS = (
					"$(inherited)",
					"@executable_path/Frameworks",
				);
				PRODUCT_BUNDLE_IDENTIFIER = com.dbeniteslopes.Onboarding;
				PRODUCT_NAME = "$(TARGET_NAME)";
				SWIFT_VERSION = 5.0;
				TARGETED_DEVICE_FAMILY = "1,2";
			};
			name = Release;
		};
/* End XCBuildConfiguration section */

/* Begin XCConfigurationList section */
		E926AC2324F0BC5F00DE594C /* Build configuration list for PBXProject "Onboarding" */ = {
			isa = XCConfigurationList;
			buildConfigurations = (
				E926AC3A24F0BC6100DE594C /* Debug */,
				E926AC3B24F0BC6100DE594C /* Release */,
			);
			defaultConfigurationIsVisible = 0;
			defaultConfigurationName = Release;
		};
		E926AC3C24F0BC6100DE594C /* Build configuration list for PBXNativeTarget "Onboarding" */ = {
			isa = XCConfigurationList;
			buildConfigurations = (
				E926AC3D24F0BC6100DE594C /* Debug */,
				E926AC3E24F0BC6100DE594C /* Release */,
			);
			defaultConfigurationIsVisible = 0;
			defaultConfigurationName = Release;
		};
/* End XCConfigurationList section */
	};
	rootObject = E926AC2024F0BC5F00DE594C /* Project object */;
}
